// !$*UTF8*$!
{
	archiveVersion = 1;
	classes = {
	};
	objectVersion = 48;
	objects = {

/* Begin PBXBuildFile section */
		0D35F4D91E8553352F1A9B75 /* Pods_auctionFormat.framework in Frameworks */ = {isa = PBXBuildFile; fileRef = 3D1202CE0DF2D4303F5B8F96 /* Pods_auctionFormat.framework */; };
		5A21D20980B9E2716424A2F4 /* Pods_auctionFormatUITests.framework in Frameworks */ = {isa = PBXBuildFile; fileRef = AD9DE9E0B5753924B6C74569 /* Pods_auctionFormatUITests.framework */; };
		A3886ECA51859BD769E3FF5E /* Pods_auctionFormatTests.framework in Frameworks */ = {isa = PBXBuildFile; fileRef = 898BB1B7B320EFB8A42391AA /* Pods_auctionFormatTests.framework */; };
		E914AD3F2066ECA700DC29F0 /* CheckBox.swift in Sources */ = {isa = PBXBuildFile; fileRef = E914AD3E2066ECA700DC29F0 /* CheckBox.swift */; };
		E95D335E206C455900BCF621 /* TemplateTableViewController.swift in Sources */ = {isa = PBXBuildFile; fileRef = E95D335D206C455900BCF621 /* TemplateTableViewController.swift */; };
		E95D3360206C65CB00BCF621 /* AddTemplateViewController.swift in Sources */ = {isa = PBXBuildFile; fileRef = E95D335F206C65CB00BCF621 /* AddTemplateViewController.swift */; };
		E9782E2D205A3FDD009FCCC6 /* PickerViewController.swift in Sources */ = {isa = PBXBuildFile; fileRef = E9782E2C205A3FDD009FCCC6 /* PickerViewController.swift */; };
		E97E12E22046647E00AE1BD4 /* AppDelegate.swift in Sources */ = {isa = PBXBuildFile; fileRef = E97E12E12046647E00AE1BD4 /* AppDelegate.swift */; };
		E97E12E42046647E00AE1BD4 /* ViewController.swift in Sources */ = {isa = PBXBuildFile; fileRef = E97E12E32046647E00AE1BD4 /* ViewController.swift */; };
		E97E12E72046647E00AE1BD4 /* Main.storyboard in Resources */ = {isa = PBXBuildFile; fileRef = E97E12E52046647E00AE1BD4 /* Main.storyboard */; };
		E97E12E92046647E00AE1BD4 /* Assets.xcassets in Resources */ = {isa = PBXBuildFile; fileRef = E97E12E82046647E00AE1BD4 /* Assets.xcassets */; };
		E97E12EC2046647E00AE1BD4 /* LaunchScreen.storyboard in Resources */ = {isa = PBXBuildFile; fileRef = E97E12EA2046647E00AE1BD4 /* LaunchScreen.storyboard */; };
		E97E12F72046647E00AE1BD4 /* auctionFormatTests.swift in Sources */ = {isa = PBXBuildFile; fileRef = E97E12F62046647E00AE1BD4 /* auctionFormatTests.swift */; };
		E97E13022046647E00AE1BD4 /* auctionFormatUITests.swift in Sources */ = {isa = PBXBuildFile; fileRef = E97E13012046647E00AE1BD4 /* auctionFormatUITests.swift */; };
		E97E13102046702000AE1BD4 /* NewTemplate.swift in Sources */ = {isa = PBXBuildFile; fileRef = E97E130F2046702000AE1BD4 /* NewTemplate.swift */; };
		E97E1312204670F600AE1BD4 /* keptTemplate.swift in Sources */ = {isa = PBXBuildFile; fileRef = E97E1311204670F600AE1BD4 /* keptTemplate.swift */; };
		E9B948DA2079832F00FDE16A /* EditTemplateViewController.swift in Sources */ = {isa = PBXBuildFile; fileRef = E9B948D92079832F00FDE16A /* EditTemplateViewController.swift */; };
		E9B948DC207D911A00FDE16A /* GoogleService-Info.plist in Resources */ = {isa = PBXBuildFile; fileRef = E9B948DB207D911A00FDE16A /* GoogleService-Info.plist */; };
/* End PBXBuildFile section */

/* Begin PBXContainerItemProxy section */
		E97E12F32046647E00AE1BD4 /* PBXContainerItemProxy */ = {
			isa = PBXContainerItemProxy;
			containerPortal = E97E12D62046647E00AE1BD4 /* Project object */;
			proxyType = 1;
			remoteGlobalIDString = E97E12DD2046647E00AE1BD4;
			remoteInfo = auctionFormat;
		};
		E97E12FE2046647E00AE1BD4 /* PBXContainerItemProxy */ = {
			isa = PBXContainerItemProxy;
			containerPortal = E97E12D62046647E00AE1BD4 /* Project object */;
			proxyType = 1;
			remoteGlobalIDString = E97E12DD2046647E00AE1BD4;
			remoteInfo = auctionFormat;
		};
/* End PBXContainerItemProxy section */

/* Begin PBXFileReference section */
		1EA81212F46D89E021475794 /* Pods-auctionFormatUITests.debug.xcconfig */ = {isa = PBXFileReference; includeInIndex = 1; lastKnownFileType = text.xcconfig; name = "Pods-auctionFormatUITests.debug.xcconfig"; path = "Pods/Target Support Files/Pods-auctionFormatUITests/Pods-auctionFormatUITests.debug.xcconfig"; sourceTree = "<group>"; };
		3D1202CE0DF2D4303F5B8F96 /* Pods_auctionFormat.framework */ = {isa = PBXFileReference; explicitFileType = wrapper.framework; includeInIndex = 0; path = Pods_auctionFormat.framework; sourceTree = BUILT_PRODUCTS_DIR; };
		44F8C0CD709E537EFF41C735 /* Pods-auctionFormatTests.debug.xcconfig */ = {isa = PBXFileReference; includeInIndex = 1; lastKnownFileType = text.xcconfig; name = "Pods-auctionFormatTests.debug.xcconfig"; path = "Pods/Target Support Files/Pods-auctionFormatTests/Pods-auctionFormatTests.debug.xcconfig"; sourceTree = "<group>"; };
		55ECDB0AFAB35D47EBAA87D9 /* Pods-auctionFormat.debug.xcconfig */ = {isa = PBXFileReference; includeInIndex = 1; lastKnownFileType = text.xcconfig; name = "Pods-auctionFormat.debug.xcconfig"; path = "Pods/Target Support Files/Pods-auctionFormat/Pods-auctionFormat.debug.xcconfig"; sourceTree = "<group>"; };
		898BB1B7B320EFB8A42391AA /* Pods_auctionFormatTests.framework */ = {isa = PBXFileReference; explicitFileType = wrapper.framework; includeInIndex = 0; path = Pods_auctionFormatTests.framework; sourceTree = BUILT_PRODUCTS_DIR; };
		AD9DE9E0B5753924B6C74569 /* Pods_auctionFormatUITests.framework */ = {isa = PBXFileReference; explicitFileType = wrapper.framework; includeInIndex = 0; path = Pods_auctionFormatUITests.framework; sourceTree = BUILT_PRODUCTS_DIR; };
		B4F60968C7DB23979649DF63 /* Pods-auctionFormat.release.xcconfig */ = {isa = PBXFileReference; includeInIndex = 1; lastKnownFileType = text.xcconfig; name = "Pods-auctionFormat.release.xcconfig"; path = "Pods/Target Support Files/Pods-auctionFormat/Pods-auctionFormat.release.xcconfig"; sourceTree = "<group>"; };
		BBE330051414B772BA0567D2 /* Pods-auctionFormatUITests.release.xcconfig */ = {isa = PBXFileReference; includeInIndex = 1; lastKnownFileType = text.xcconfig; name = "Pods-auctionFormatUITests.release.xcconfig"; path = "Pods/Target Support Files/Pods-auctionFormatUITests/Pods-auctionFormatUITests.release.xcconfig"; sourceTree = "<group>"; };
		E914AD3E2066ECA700DC29F0 /* CheckBox.swift */ = {isa = PBXFileReference; lastKnownFileType = sourcecode.swift; path = CheckBox.swift; sourceTree = "<group>"; };
		E95D335D206C455900BCF621 /* TemplateTableViewController.swift */ = {isa = PBXFileReference; lastKnownFileType = sourcecode.swift; path = TemplateTableViewController.swift; sourceTree = "<group>"; };
		E95D335F206C65CB00BCF621 /* AddTemplateViewController.swift */ = {isa = PBXFileReference; lastKnownFileType = sourcecode.swift; path = AddTemplateViewController.swift; sourceTree = "<group>"; };
		E9782E2C205A3FDD009FCCC6 /* PickerViewController.swift */ = {isa = PBXFileReference; lastKnownFileType = sourcecode.swift; path = PickerViewController.swift; sourceTree = "<group>"; };
		E97E12DE2046647E00AE1BD4 /* auctionFormat.app */ = {isa = PBXFileReference; explicitFileType = wrapper.application; includeInIndex = 0; path = auctionFormat.app; sourceTree = BUILT_PRODUCTS_DIR; };
		E97E12E12046647E00AE1BD4 /* AppDelegate.swift */ = {isa = PBXFileReference; lastKnownFileType = sourcecode.swift; path = AppDelegate.swift; sourceTree = "<group>"; };
		E97E12E32046647E00AE1BD4 /* ViewController.swift */ = {isa = PBXFileReference; lastKnownFileType = sourcecode.swift; path = ViewController.swift; sourceTree = "<group>"; };
		E97E12E62046647E00AE1BD4 /* Base */ = {isa = PBXFileReference; lastKnownFileType = file.storyboard; name = Base; path = Base.lproj/Main.storyboard; sourceTree = "<group>"; };
		E97E12E82046647E00AE1BD4 /* Assets.xcassets */ = {isa = PBXFileReference; lastKnownFileType = folder.assetcatalog; path = Assets.xcassets; sourceTree = "<group>"; };
		E97E12EB2046647E00AE1BD4 /* Base */ = {isa = PBXFileReference; lastKnownFileType = file.storyboard; name = Base; path = Base.lproj/LaunchScreen.storyboard; sourceTree = "<group>"; };
		E97E12ED2046647E00AE1BD4 /* Info.plist */ = {isa = PBXFileReference; lastKnownFileType = text.plist.xml; path = Info.plist; sourceTree = "<group>"; };
		E97E12F22046647E00AE1BD4 /* auctionFormatTests.xctest */ = {isa = PBXFileReference; explicitFileType = wrapper.cfbundle; includeInIndex = 0; path = auctionFormatTests.xctest; sourceTree = BUILT_PRODUCTS_DIR; };
		E97E12F62046647E00AE1BD4 /* auctionFormatTests.swift */ = {isa = PBXFileReference; lastKnownFileType = sourcecode.swift; path = auctionFormatTests.swift; sourceTree = "<group>"; };
		E97E12F82046647E00AE1BD4 /* Info.plist */ = {isa = PBXFileReference; lastKnownFileType = text.plist.xml; path = Info.plist; sourceTree = "<group>"; };
		E97E12FD2046647E00AE1BD4 /* auctionFormatUITests.xctest */ = {isa = PBXFileReference; explicitFileType = wrapper.cfbundle; includeInIndex = 0; path = auctionFormatUITests.xctest; sourceTree = BUILT_PRODUCTS_DIR; };
		E97E13012046647E00AE1BD4 /* auctionFormatUITests.swift */ = {isa = PBXFileReference; lastKnownFileType = sourcecode.swift; path = auctionFormatUITests.swift; sourceTree = "<group>"; };
		E97E13032046647E00AE1BD4 /* Info.plist */ = {isa = PBXFileReference; lastKnownFileType = text.plist.xml; path = Info.plist; sourceTree = "<group>"; };
		E97E130F2046702000AE1BD4 /* NewTemplate.swift */ = {isa = PBXFileReference; lastKnownFileType = sourcecode.swift; path = NewTemplate.swift; sourceTree = "<group>"; };
		E97E1311204670F600AE1BD4 /* keptTemplate.swift */ = {isa = PBXFileReference; lastKnownFileType = sourcecode.swift; path = keptTemplate.swift; sourceTree = "<group>"; };
		E9B948D92079832F00FDE16A /* EditTemplateViewController.swift */ = {isa = PBXFileReference; lastKnownFileType = sourcecode.swift; path = EditTemplateViewController.swift; sourceTree = "<group>"; };
		E9B948DB207D911A00FDE16A /* GoogleService-Info.plist */ = {isa = PBXFileReference; fileEncoding = 4; lastKnownFileType = text.plist.xml; path = "GoogleService-Info.plist"; sourceTree = "<group>"; };
		F69738F73F695211EC4EED83 /* Pods-auctionFormatTests.release.xcconfig */ = {isa = PBXFileReference; includeInIndex = 1; lastKnownFileType = text.xcconfig; name = "Pods-auctionFormatTests.release.xcconfig"; path = "Pods/Target Support Files/Pods-auctionFormatTests/Pods-auctionFormatTests.release.xcconfig"; sourceTree = "<group>"; };
/* End PBXFileReference section */

/* Begin PBXFrameworksBuildPhase section */
		E97E12DB2046647E00AE1BD4 /* Frameworks */ = {
			isa = PBXFrameworksBuildPhase;
			buildActionMask = 2147483647;
			files = (
				0D35F4D91E8553352F1A9B75 /* Pods_auctionFormat.framework in Frameworks */,
			);
			runOnlyForDeploymentPostprocessing = 0;
		};
		E97E12EF2046647E00AE1BD4 /* Frameworks */ = {
			isa = PBXFrameworksBuildPhase;
			buildActionMask = 2147483647;
			files = (
				A3886ECA51859BD769E3FF5E /* Pods_auctionFormatTests.framework in Frameworks */,
			);
			runOnlyForDeploymentPostprocessing = 0;
		};
		E97E12FA2046647E00AE1BD4 /* Frameworks */ = {
			isa = PBXFrameworksBuildPhase;
			buildActionMask = 2147483647;
			files = (
				5A21D20980B9E2716424A2F4 /* Pods_auctionFormatUITests.framework in Frameworks */,
			);
			runOnlyForDeploymentPostprocessing = 0;
		};
/* End PBXFrameworksBuildPhase section */

/* Begin PBXGroup section */
		9DE088BB6D1CBA15499C8F4B /* Frameworks */ = {
			isa = PBXGroup;
			children = (
				3D1202CE0DF2D4303F5B8F96 /* Pods_auctionFormat.framework */,
				898BB1B7B320EFB8A42391AA /* Pods_auctionFormatTests.framework */,
				AD9DE9E0B5753924B6C74569 /* Pods_auctionFormatUITests.framework */,
			);
			name = Frameworks;
			sourceTree = "<group>";
		};
		A87ED2B07D56B1AB46843D35 /* Pods */ = {
			isa = PBXGroup;
			children = (
				55ECDB0AFAB35D47EBAA87D9 /* Pods-auctionFormat.debug.xcconfig */,
				B4F60968C7DB23979649DF63 /* Pods-auctionFormat.release.xcconfig */,
				44F8C0CD709E537EFF41C735 /* Pods-auctionFormatTests.debug.xcconfig */,
				F69738F73F695211EC4EED83 /* Pods-auctionFormatTests.release.xcconfig */,
				1EA81212F46D89E021475794 /* Pods-auctionFormatUITests.debug.xcconfig */,
				BBE330051414B772BA0567D2 /* Pods-auctionFormatUITests.release.xcconfig */,
			);
			name = Pods;
			sourceTree = "<group>";
		};
		E97E12D52046647E00AE1BD4 = {
			isa = PBXGroup;
			children = (
				E97E12E02046647E00AE1BD4 /* auctionFormat */,
				E97E12F52046647E00AE1BD4 /* auctionFormatTests */,
				E97E13002046647E00AE1BD4 /* auctionFormatUITests */,
				E97E12DF2046647E00AE1BD4 /* Products */,
				A87ED2B07D56B1AB46843D35 /* Pods */,
				9DE088BB6D1CBA15499C8F4B /* Frameworks */,
			);
			sourceTree = "<group>";
		};
		E97E12DF2046647E00AE1BD4 /* Products */ = {
			isa = PBXGroup;
			children = (
				E97E12DE2046647E00AE1BD4 /* auctionFormat.app */,
				E97E12F22046647E00AE1BD4 /* auctionFormatTests.xctest */,
				E97E12FD2046647E00AE1BD4 /* auctionFormatUITests.xctest */,
			);
			name = Products;
			sourceTree = "<group>";
		};
		E97E12E02046647E00AE1BD4 /* auctionFormat */ = {
			isa = PBXGroup;
			children = (
				E97E130F2046702000AE1BD4 /* NewTemplate.swift */,
				E97E12E12046647E00AE1BD4 /* AppDelegate.swift */,
				E9B948DB207D911A00FDE16A /* GoogleService-Info.plist */,
				E97E12E32046647E00AE1BD4 /* ViewController.swift */,
				E97E1311204670F600AE1BD4 /* keptTemplate.swift */,
				E9782E2C205A3FDD009FCCC6 /* PickerViewController.swift */,
				E97E12E52046647E00AE1BD4 /* Main.storyboard */,
				E9B948D92079832F00FDE16A /* EditTemplateViewController.swift */,
				E95D335F206C65CB00BCF621 /* AddTemplateViewController.swift */,
				E95D335D206C455900BCF621 /* TemplateTableViewController.swift */,
				E97E12E82046647E00AE1BD4 /* Assets.xcassets */,
				E914AD3E2066ECA700DC29F0 /* CheckBox.swift */,
				E97E12EA2046647E00AE1BD4 /* LaunchScreen.storyboard */,
				E97E12ED2046647E00AE1BD4 /* Info.plist */,
			);
			path = auctionFormat;
			sourceTree = "<group>";
		};
		E97E12F52046647E00AE1BD4 /* auctionFormatTests */ = {
			isa = PBXGroup;
			children = (
				E97E12F62046647E00AE1BD4 /* auctionFormatTests.swift */,
				E97E12F82046647E00AE1BD4 /* Info.plist */,
			);
			path = auctionFormatTests;
			sourceTree = "<group>";
		};
		E97E13002046647E00AE1BD4 /* auctionFormatUITests */ = {
			isa = PBXGroup;
			children = (
				E97E13012046647E00AE1BD4 /* auctionFormatUITests.swift */,
				E97E13032046647E00AE1BD4 /* Info.plist */,
			);
			path = auctionFormatUITests;
			sourceTree = "<group>";
		};
/* End PBXGroup section */

/* Begin PBXNativeTarget section */
		E97E12DD2046647E00AE1BD4 /* auctionFormat */ = {
			isa = PBXNativeTarget;
			buildConfigurationList = E97E13062046647E00AE1BD4 /* Build configuration list for PBXNativeTarget "auctionFormat" */;
			buildPhases = (
				2D474EF32F0BD63E01E3FBC0 /* [CP] Check Pods Manifest.lock */,
				E97E12DA2046647E00AE1BD4 /* Sources */,
				E97E12DB2046647E00AE1BD4 /* Frameworks */,
				E97E12DC2046647E00AE1BD4 /* Resources */,
				E8ED62AC21509047E1393007 /* [CP] Embed Pods Frameworks */,
				1296A41748604ECAAD3A5256 /* [CP] Copy Pods Resources */,
			);
			buildRules = (
			);
			dependencies = (
			);
			name = auctionFormat;
			productName = auctionFormat;
			productReference = E97E12DE2046647E00AE1BD4 /* auctionFormat.app */;
			productType = "com.apple.product-type.application";
		};
		E97E12F12046647E00AE1BD4 /* auctionFormatTests */ = {
			isa = PBXNativeTarget;
			buildConfigurationList = E97E13092046647E00AE1BD4 /* Build configuration list for PBXNativeTarget "auctionFormatTests" */;
			buildPhases = (
				5EBD694C9AE3EF10904EE3F7 /* [CP] Check Pods Manifest.lock */,
				E97E12EE2046647E00AE1BD4 /* Sources */,
				E97E12EF2046647E00AE1BD4 /* Frameworks */,
				E97E12F02046647E00AE1BD4 /* Resources */,
				6D9FF5CCF434893E54C3B003 /* [CP] Embed Pods Frameworks */,
				1A5ADC9C93FC338CE8CA5F8C /* [CP] Copy Pods Resources */,
			);
			buildRules = (
			);
			dependencies = (
				E97E12F42046647E00AE1BD4 /* PBXTargetDependency */,
			);
			name = auctionFormatTests;
			productName = auctionFormatTests;
			productReference = E97E12F22046647E00AE1BD4 /* auctionFormatTests.xctest */;
			productType = "com.apple.product-type.bundle.unit-test";
		};
		E97E12FC2046647E00AE1BD4 /* auctionFormatUITests */ = {
			isa = PBXNativeTarget;
			buildConfigurationList = E97E130C2046647E00AE1BD4 /* Build configuration list for PBXNativeTarget "auctionFormatUITests" */;
			buildPhases = (
				D7675B77CCBA2848496A8D6B /* [CP] Check Pods Manifest.lock */,
				E97E12F92046647E00AE1BD4 /* Sources */,
				E97E12FA2046647E00AE1BD4 /* Frameworks */,
				E97E12FB2046647E00AE1BD4 /* Resources */,
				1DF0691D019777747A9EB092 /* [CP] Embed Pods Frameworks */,
				3F0A3C909F3F260B448E0EE1 /* [CP] Copy Pods Resources */,
			);
			buildRules = (
			);
			dependencies = (
				E97E12FF2046647E00AE1BD4 /* PBXTargetDependency */,
			);
			name = auctionFormatUITests;
			productName = auctionFormatUITests;
			productReference = E97E12FD2046647E00AE1BD4 /* auctionFormatUITests.xctest */;
			productType = "com.apple.product-type.bundle.ui-testing";
		};
/* End PBXNativeTarget section */

/* Begin PBXProject section */
		E97E12D62046647E00AE1BD4 /* Project object */ = {
			isa = PBXProject;
			attributes = {
				LastSwiftUpdateCheck = 0920;
				LastUpgradeCheck = 0920;
				ORGANIZATIONNAME = akira;
				TargetAttributes = {
					E97E12DD2046647E00AE1BD4 = {
						CreatedOnToolsVersion = 9.2;
						ProvisioningStyle = Automatic;
					};
					E97E12F12046647E00AE1BD4 = {
						CreatedOnToolsVersion = 9.2;
						ProvisioningStyle = Automatic;
						TestTargetID = E97E12DD2046647E00AE1BD4;
					};
					E97E12FC2046647E00AE1BD4 = {
						CreatedOnToolsVersion = 9.2;
						ProvisioningStyle = Automatic;
						TestTargetID = E97E12DD2046647E00AE1BD4;
					};
				};
			};
			buildConfigurationList = E97E12D92046647E00AE1BD4 /* Build configuration list for PBXProject "auctionFormat" */;
			compatibilityVersion = "Xcode 8.0";
			developmentRegion = en;
			hasScannedForEncodings = 0;
			knownRegions = (
				en,
				Base,
			);
			mainGroup = E97E12D52046647E00AE1BD4;
			productRefGroup = E97E12DF2046647E00AE1BD4 /* Products */;
			projectDirPath = "";
			projectRoot = "";
			targets = (
				E97E12DD2046647E00AE1BD4 /* auctionFormat */,
				E97E12F12046647E00AE1BD4 /* auctionFormatTests */,
				E97E12FC2046647E00AE1BD4 /* auctionFormatUITests */,
			);
		};
/* End PBXProject section */

/* Begin PBXResourcesBuildPhase section */
		E97E12DC2046647E00AE1BD4 /* Resources */ = {
			isa = PBXResourcesBuildPhase;
			buildActionMask = 2147483647;
			files = (
				E97E12EC2046647E00AE1BD4 /* LaunchScreen.storyboard in Resources */,
				E9B948DC207D911A00FDE16A /* GoogleService-Info.plist in Resources */,
				E97E12E92046647E00AE1BD4 /* Assets.xcassets in Resources */,
				E97E12E72046647E00AE1BD4 /* Main.storyboard in Resources */,
			);
			runOnlyForDeploymentPostprocessing = 0;
		};
		E97E12F02046647E00AE1BD4 /* Resources */ = {
			isa = PBXResourcesBuildPhase;
			buildActionMask = 2147483647;
			files = (
			);
			runOnlyForDeploymentPostprocessing = 0;
		};
		E97E12FB2046647E00AE1BD4 /* Resources */ = {
			isa = PBXResourcesBuildPhase;
			buildActionMask = 2147483647;
			files = (
			);
			runOnlyForDeploymentPostprocessing = 0;
		};
/* End PBXResourcesBuildPhase section */

/* Begin PBXShellScriptBuildPhase section */
		1296A41748604ECAAD3A5256 /* [CP] Copy Pods Resources */ = {
			isa = PBXShellScriptBuildPhase;
			buildActionMask = 2147483647;
			files = (
			);
			inputPaths = (
			);
			name = "[CP] Copy Pods Resources";
			outputPaths = (
			);
			runOnlyForDeploymentPostprocessing = 0;
			shellPath = /bin/sh;
			shellScript = "\"${SRCROOT}/Pods/Target Support Files/Pods-auctionFormat/Pods-auctionFormat-resources.sh\"\n";
			showEnvVarsInLog = 0;
		};
		1A5ADC9C93FC338CE8CA5F8C /* [CP] Copy Pods Resources */ = {
			isa = PBXShellScriptBuildPhase;
			buildActionMask = 2147483647;
			files = (
			);
			inputPaths = (
			);
			name = "[CP] Copy Pods Resources";
			outputPaths = (
			);
			runOnlyForDeploymentPostprocessing = 0;
			shellPath = /bin/sh;
			shellScript = "\"${SRCROOT}/Pods/Target Support Files/Pods-auctionFormatTests/Pods-auctionFormatTests-resources.sh\"\n";
			showEnvVarsInLog = 0;
		};
		1DF0691D019777747A9EB092 /* [CP] Embed Pods Frameworks */ = {
			isa = PBXShellScriptBuildPhase;
			buildActionMask = 2147483647;
			files = (
			);
			inputPaths = (
			);
			name = "[CP] Embed Pods Frameworks";
			outputPaths = (
			);
			runOnlyForDeploymentPostprocessing = 0;
			shellPath = /bin/sh;
			shellScript = "\"${SRCROOT}/Pods/Target Support Files/Pods-auctionFormatUITests/Pods-auctionFormatUITests-frameworks.sh\"\n";
			showEnvVarsInLog = 0;
		};
		2D474EF32F0BD63E01E3FBC0 /* [CP] Check Pods Manifest.lock */ = {
			isa = PBXShellScriptBuildPhase;
			buildActionMask = 2147483647;
			files = (
			);
			inputPaths = (
				"${PODS_PODFILE_DIR_PATH}/Podfile.lock",
				"${PODS_ROOT}/Manifest.lock",
			);
			name = "[CP] Check Pods Manifest.lock";
			outputPaths = (
				"$(DERIVED_FILE_DIR)/Pods-auctionFormat-checkManifestLockResult.txt",
			);
			runOnlyForDeploymentPostprocessing = 0;
			shellPath = /bin/sh;
			shellScript = "diff \"${PODS_PODFILE_DIR_PATH}/Podfile.lock\" \"${PODS_ROOT}/Manifest.lock\" > /dev/null\nif [ $? != 0 ] ; then\n    # print error to STDERR\n    echo \"error: The sandbox is not in sync with the Podfile.lock. Run 'pod install' or update your CocoaPods installation.\" >&2\n    exit 1\nfi\n# This output is used by Xcode 'outputs' to avoid re-running this script phase.\necho \"SUCCESS\" > \"${SCRIPT_OUTPUT_FILE_0}\"\n";
			showEnvVarsInLog = 0;
		};
		3F0A3C909F3F260B448E0EE1 /* [CP] Copy Pods Resources */ = {
			isa = PBXShellScriptBuildPhase;
			buildActionMask = 2147483647;
			files = (
			);
			inputPaths = (
			);
			name = "[CP] Copy Pods Resources";
			outputPaths = (
			);
			runOnlyForDeploymentPostprocessing = 0;
			shellPath = /bin/sh;
			shellScript = "\"${SRCROOT}/Pods/Target Support Files/Pods-auctionFormatUITests/Pods-auctionFormatUITests-resources.sh\"\n";
			showEnvVarsInLog = 0;
		};
		5EBD694C9AE3EF10904EE3F7 /* [CP] Check Pods Manifest.lock */ = {
			isa = PBXShellScriptBuildPhase;
			buildActionMask = 2147483647;
			files = (
			);
			inputPaths = (
				"${PODS_PODFILE_DIR_PATH}/Podfile.lock",
				"${PODS_ROOT}/Manifest.lock",
			);
			name = "[CP] Check Pods Manifest.lock";
			outputPaths = (
				"$(DERIVED_FILE_DIR)/Pods-auctionFormatTests-checkManifestLockResult.txt",
			);
			runOnlyForDeploymentPostprocessing = 0;
			shellPath = /bin/sh;
			shellScript = "diff \"${PODS_PODFILE_DIR_PATH}/Podfile.lock\" \"${PODS_ROOT}/Manifest.lock\" > /dev/null\nif [ $? != 0 ] ; then\n    # print error to STDERR\n    echo \"error: The sandbox is not in sync with the Podfile.lock. Run 'pod install' or update your CocoaPods installation.\" >&2\n    exit 1\nfi\n# This output is used by Xcode 'outputs' to avoid re-running this script phase.\necho \"SUCCESS\" > \"${SCRIPT_OUTPUT_FILE_0}\"\n";
			showEnvVarsInLog = 0;
		};
		6D9FF5CCF434893E54C3B003 /* [CP] Embed Pods Frameworks */ = {
			isa = PBXShellScriptBuildPhase;
			buildActionMask = 2147483647;
			files = (
			);
			inputPaths = (
			);
			name = "[CP] Embed Pods Frameworks";
			outputPaths = (
			);
			runOnlyForDeploymentPostprocessing = 0;
			shellPath = /bin/sh;
			shellScript = "\"${SRCROOT}/Pods/Target Support Files/Pods-auctionFormatTests/Pods-auctionFormatTests-frameworks.sh\"\n";
			showEnvVarsInLog = 0;
		};
		D7675B77CCBA2848496A8D6B /* [CP] Check Pods Manifest.lock */ = {
			isa = PBXShellScriptBuildPhase;
			buildActionMask = 2147483647;
			files = (
			);
			inputPaths = (
				"${PODS_PODFILE_DIR_PATH}/Podfile.lock",
				"${PODS_ROOT}/Manifest.lock",
			);
			name = "[CP] Check Pods Manifest.lock";
			outputPaths = (
				"$(DERIVED_FILE_DIR)/Pods-auctionFormatUITests-checkManifestLockResult.txt",
			);
			runOnlyForDeploymentPostprocessing = 0;
			shellPath = /bin/sh;
			shellScript = "diff \"${PODS_PODFILE_DIR_PATH}/Podfile.lock\" \"${PODS_ROOT}/Manifest.lock\" > /dev/null\nif [ $? != 0 ] ; then\n    # print error to STDERR\n    echo \"error: The sandbox is not in sync with the Podfile.lock. Run 'pod install' or update your CocoaPods installation.\" >&2\n    exit 1\nfi\n# This output is used by Xcode 'outputs' to avoid re-running this script phase.\necho \"SUCCESS\" > \"${SCRIPT_OUTPUT_FILE_0}\"\n";
			showEnvVarsInLog = 0;
		};
		E8ED62AC21509047E1393007 /* [CP] Embed Pods Frameworks */ = {
			isa = PBXShellScriptBuildPhase;
			buildActionMask = 2147483647;
			files = (
			);
			inputPaths = (
				"${SRCROOT}/Pods/Target Support Files/Pods-auctionFormat/Pods-auctionFormat-frameworks.sh",
				"${BUILT_PRODUCTS_DIR}/ActionSheetPicker-3.0/ActionSheetPicker_3_0.framework",
				"${BUILT_PRODUCTS_DIR}/GoogleToolboxForMac/GoogleToolboxForMac.framework",
				"${BUILT_PRODUCTS_DIR}/nanopb/nanopb.framework",
			);
			name = "[CP] Embed Pods Frameworks";
			outputPaths = (
				"${TARGET_BUILD_DIR}/${FRAMEWORKS_FOLDER_PATH}/ActionSheetPicker_3_0.framework",
				"${TARGET_BUILD_DIR}/${FRAMEWORKS_FOLDER_PATH}/GoogleToolboxForMac.framework",
				"${TARGET_BUILD_DIR}/${FRAMEWORKS_FOLDER_PATH}/nanopb.framework",
			);
			runOnlyForDeploymentPostprocessing = 0;
			shellPath = /bin/sh;
			shellScript = "\"${SRCROOT}/Pods/Target Support Files/Pods-auctionFormat/Pods-auctionFormat-frameworks.sh\"\n";
			showEnvVarsInLog = 0;
		};
/* End PBXShellScriptBuildPhase section */

/* Begin PBXSourcesBuildPhase section */
		E97E12DA2046647E00AE1BD4 /* Sources */ = {
			isa = PBXSourcesBuildPhase;
			buildActionMask = 2147483647;
			files = (
				E9782E2D205A3FDD009FCCC6 /* PickerViewController.swift in Sources */,
				E97E12E42046647E00AE1BD4 /* ViewController.swift in Sources */,
				E95D335E206C455900BCF621 /* TemplateTableViewController.swift in Sources */,
				E914AD3F2066ECA700DC29F0 /* CheckBox.swift in Sources */,
				E97E1312204670F600AE1BD4 /* keptTemplate.swift in Sources */,
				E9B948DA2079832F00FDE16A /* EditTemplateViewController.swift in Sources */,
				E97E13102046702000AE1BD4 /* NewTemplate.swift in Sources */,
				E95D3360206C65CB00BCF621 /* AddTemplateViewController.swift in Sources */,
				E97E12E22046647E00AE1BD4 /* AppDelegate.swift in Sources */,
			);
			runOnlyForDeploymentPostprocessing = 0;
		};
		E97E12EE2046647E00AE1BD4 /* Sources */ = {
			isa = PBXSourcesBuildPhase;
			buildActionMask = 2147483647;
			files = (
				E97E12F72046647E00AE1BD4 /* auctionFormatTests.swift in Sources */,
			);
			runOnlyForDeploymentPostprocessing = 0;
		};
		E97E12F92046647E00AE1BD4 /* Sources */ = {
			isa = PBXSourcesBuildPhase;
			buildActionMask = 2147483647;
			files = (
				E97E13022046647E00AE1BD4 /* auctionFormatUITests.swift in Sources */,
			);
			runOnlyForDeploymentPostprocessing = 0;
		};
/* End PBXSourcesBuildPhase section */

/* Begin PBXTargetDependency section */
		E97E12F42046647E00AE1BD4 /* PBXTargetDependency */ = {
			isa = PBXTargetDependency;
			target = E97E12DD2046647E00AE1BD4 /* auctionFormat */;
			targetProxy = E97E12F32046647E00AE1BD4 /* PBXContainerItemProxy */;
		};
		E97E12FF2046647E00AE1BD4 /* PBXTargetDependency */ = {
			isa = PBXTargetDependency;
			target = E97E12DD2046647E00AE1BD4 /* auctionFormat */;
			targetProxy = E97E12FE2046647E00AE1BD4 /* PBXContainerItemProxy */;
		};
/* End PBXTargetDependency section */

/* Begin PBXVariantGroup section */
		E97E12E52046647E00AE1BD4 /* Main.storyboard */ = {
			isa = PBXVariantGroup;
			children = (
				E97E12E62046647E00AE1BD4 /* Base */,
			);
			name = Main.storyboard;
			sourceTree = "<group>";
		};
		E97E12EA2046647E00AE1BD4 /* LaunchScreen.storyboard */ = {
			isa = PBXVariantGroup;
			children = (
				E97E12EB2046647E00AE1BD4 /* Base */,
			);
			name = LaunchScreen.storyboard;
			sourceTree = "<group>";
		};
/* End PBXVariantGroup section */

/* Begin XCBuildConfiguration section */
		E97E13042046647E00AE1BD4 /* Debug */ = {
			isa = XCBuildConfiguration;
			buildSettings = {
				ALWAYS_SEARCH_USER_PATHS = NO;
				CLANG_ANALYZER_NONNULL = YES;
				CLANG_ANALYZER_NUMBER_OBJECT_CONVERSION = YES_AGGRESSIVE;
				CLANG_CXX_LANGUAGE_STANDARD = "gnu++14";
				CLANG_CXX_LIBRARY = "libc++";
				CLANG_ENABLE_MODULES = YES;
				CLANG_ENABLE_OBJC_ARC = YES;
				CLANG_WARN_BLOCK_CAPTURE_AUTORELEASING = YES;
				CLANG_WARN_BOOL_CONVERSION = YES;
				CLANG_WARN_COMMA = YES;
				CLANG_WARN_CONSTANT_CONVERSION = YES;
				CLANG_WARN_DIRECT_OBJC_ISA_USAGE = YES_ERROR;
				CLANG_WARN_DOCUMENTATION_COMMENTS = YES;
				CLANG_WARN_EMPTY_BODY = YES;
				CLANG_WARN_ENUM_CONVERSION = YES;
				CLANG_WARN_INFINITE_RECURSION = YES;
				CLANG_WARN_INT_CONVERSION = YES;
				CLANG_WARN_NON_LITERAL_NULL_CONVERSION = YES;
				CLANG_WARN_OBJC_LITERAL_CONVERSION = YES;
				CLANG_WARN_OBJC_ROOT_CLASS = YES_ERROR;
				CLANG_WARN_RANGE_LOOP_ANALYSIS = YES;
				CLANG_WARN_STRICT_PROTOTYPES = YES;
				CLANG_WARN_SUSPICIOUS_MOVE = YES;
				CLANG_WARN_UNGUARDED_AVAILABILITY = YES_AGGRESSIVE;
				CLANG_WARN_UNREACHABLE_CODE = YES;
				CLANG_WARN__DUPLICATE_METHOD_MATCH = YES;
				CODE_SIGN_IDENTITY = "iPhone Developer";
				COPY_PHASE_STRIP = NO;
				DEBUG_INFORMATION_FORMAT = dwarf;
				ENABLE_STRICT_OBJC_MSGSEND = YES;
				ENABLE_TESTABILITY = YES;
				GCC_C_LANGUAGE_STANDARD = gnu11;
				GCC_DYNAMIC_NO_PIC = NO;
				GCC_NO_COMMON_BLOCKS = YES;
				GCC_OPTIMIZATION_LEVEL = 0;
				GCC_PREPROCESSOR_DEFINITIONS = (
					"DEBUG=1",
					"$(inherited)",
				);
				GCC_WARN_64_TO_32_BIT_CONVERSION = YES;
				GCC_WARN_ABOUT_RETURN_TYPE = YES_ERROR;
				GCC_WARN_UNDECLARED_SELECTOR = YES;
				GCC_WARN_UNINITIALIZED_AUTOS = YES_AGGRESSIVE;
				GCC_WARN_UNUSED_FUNCTION = YES;
				GCC_WARN_UNUSED_VARIABLE = YES;
				IPHONEOS_DEPLOYMENT_TARGET = 11.2;
				MTL_ENABLE_DEBUG_INFO = YES;
				ONLY_ACTIVE_ARCH = YES;
				SDKROOT = iphoneos;
				SWIFT_ACTIVE_COMPILATION_CONDITIONS = DEBUG;
				SWIFT_OPTIMIZATION_LEVEL = "-Onone";
			};
			name = Debug;
		};
		E97E13052046647E00AE1BD4 /* Release */ = {
			isa = XCBuildConfiguration;
			buildSettings = {
				ALWAYS_SEARCH_USER_PATHS = NO;
				CLANG_ANALYZER_NONNULL = YES;
				CLANG_ANALYZER_NUMBER_OBJECT_CONVERSION = YES_AGGRESSIVE;
				CLANG_CXX_LANGUAGE_STANDARD = "gnu++14";
				CLANG_CXX_LIBRARY = "libc++";
				CLANG_ENABLE_MODULES = YES;
				CLANG_ENABLE_OBJC_ARC = YES;
				CLANG_WARN_BLOCK_CAPTURE_AUTORELEASING = YES;
				CLANG_WARN_BOOL_CONVERSION = YES;
				CLANG_WARN_COMMA = YES;
				CLANG_WARN_CONSTANT_CONVERSION = YES;
				CLANG_WARN_DIRECT_OBJC_ISA_USAGE = YES_ERROR;
				CLANG_WARN_DOCUMENTATION_COMMENTS = YES;
				CLANG_WARN_EMPTY_BODY = YES;
				CLANG_WARN_ENUM_CONVERSION = YES;
				CLANG_WARN_INFINITE_RECURSION = YES;
				CLANG_WARN_INT_CONVERSION = YES;
				CLANG_WARN_NON_LITERAL_NULL_CONVERSION = YES;
				CLANG_WARN_OBJC_LITERAL_CONVERSION = YES;
				CLANG_WARN_OBJC_ROOT_CLASS = YES_ERROR;
				CLANG_WARN_RANGE_LOOP_ANALYSIS = YES;
				CLANG_WARN_STRICT_PROTOTYPES = YES;
				CLANG_WARN_SUSPICIOUS_MOVE = YES;
				CLANG_WARN_UNGUARDED_AVAILABILITY = YES_AGGRESSIVE;
				CLANG_WARN_UNREACHABLE_CODE = YES;
				CLANG_WARN__DUPLICATE_METHOD_MATCH = YES;
				CODE_SIGN_IDENTITY = "iPhone Developer";
				COPY_PHASE_STRIP = NO;
				DEBUG_INFORMATION_FORMAT = "dwarf-with-dsym";
				ENABLE_NS_ASSERTIONS = NO;
				ENABLE_STRICT_OBJC_MSGSEND = YES;
				GCC_C_LANGUAGE_STANDARD = gnu11;
				GCC_NO_COMMON_BLOCKS = YES;
				GCC_WARN_64_TO_32_BIT_CONVERSION = YES;
				GCC_WARN_ABOUT_RETURN_TYPE = YES_ERROR;
				GCC_WARN_UNDECLARED_SELECTOR = YES;
				GCC_WARN_UNINITIALIZED_AUTOS = YES_AGGRESSIVE;
				GCC_WARN_UNUSED_FUNCTION = YES;
				GCC_WARN_UNUSED_VARIABLE = YES;
				IPHONEOS_DEPLOYMENT_TARGET = 11.2;
				MTL_ENABLE_DEBUG_INFO = NO;
				SDKROOT = iphoneos;
				SWIFT_OPTIMIZATION_LEVEL = "-Owholemodule";
				VALIDATE_PRODUCT = YES;
			};
			name = Release;
		};
		E97E13072046647E00AE1BD4 /* Debug */ = {
			isa = XCBuildConfiguration;
			baseConfigurationReference = 55ECDB0AFAB35D47EBAA87D9 /* Pods-auctionFormat.debug.xcconfig */;
			buildSettings = {
				ASSETCATALOG_COMPILER_APPICON_NAME = AppIcon;
				CODE_SIGN_STYLE = Automatic;
				INFOPLIST_FILE = auctionFormat/Info.plist;
				LD_RUNPATH_SEARCH_PATHS = "$(inherited) @executable_path/Frameworks";
				PRODUCT_BUNDLE_IDENTIFIER = com.skyk2011.auctionFormat;
				PRODUCT_NAME = "$(TARGET_NAME)";
				SWIFT_VERSION = 4.0;
				TARGETED_DEVICE_FAMILY = "1,2";
			};
			name = Debug;
		};
		E97E13082046647E00AE1BD4 /* Release */ = {
			isa = XCBuildConfiguration;
			baseConfigurationReference = B4F60968C7DB23979649DF63 /* Pods-auctionFormat.release.xcconfig */;
			buildSettings = {
				ASSETCATALOG_COMPILER_APPICON_NAME = AppIcon;
				CODE_SIGN_STYLE = Automatic;
				INFOPLIST_FILE = auctionFormat/Info.plist;
				LD_RUNPATH_SEARCH_PATHS = "$(inherited) @executable_path/Frameworks";
				PRODUCT_BUNDLE_IDENTIFIER = com.skyk2011.auctionFormat;
				PRODUCT_NAME = "$(TARGET_NAME)";
				SWIFT_VERSION = 4.0;
				TARGETED_DEVICE_FAMILY = "1,2";
			};
			name = Release;
		};
		E97E130A2046647E00AE1BD4 /* Debug */ = {
			isa = XCBuildConfiguration;
			baseConfigurationReference = 44F8C0CD709E537EFF41C735 /* Pods-auctionFormatTests.debug.xcconfig */;
			buildSettings = {
				ALWAYS_EMBED_SWIFT_STANDARD_LIBRARIES = YES;
				BUNDLE_LOADER = "$(TEST_HOST)";
				CODE_SIGN_STYLE = Automatic;
				INFOPLIST_FILE = auctionFormatTests/Info.plist;
				LD_RUNPATH_SEARCH_PATHS = "$(inherited) @executable_path/Frameworks @loader_path/Frameworks";
				PRODUCT_BUNDLE_IDENTIFIER = com.skyk2011.auctionFormatTests;
				PRODUCT_NAME = "$(TARGET_NAME)";
				SWIFT_VERSION = 4.0;
				TARGETED_DEVICE_FAMILY = "1,2";
				TEST_HOST = "$(BUILT_PRODUCTS_DIR)/auctionFormat.app/auctionFormat";
			};
			name = Debug;
		};
		E97E130B2046647E00AE1BD4 /* Release */ = {
			isa = XCBuildConfiguration;
			baseConfigurationReference = F69738F73F695211EC4EED83 /* Pods-auctionFormatTests.release.xcconfig */;
			buildSettings = {
				ALWAYS_EMBED_SWIFT_STANDARD_LIBRARIES = YES;
				BUNDLE_LOADER = "$(TEST_HOST)";
				CODE_SIGN_STYLE = Automatic;
				INFOPLIST_FILE = auctionFormatTests/Info.plist;
				LD_RUNPATH_SEARCH_PATHS = "$(inherited) @executable_path/Frameworks @loader_path/Frameworks";
				PRODUCT_BUNDLE_IDENTIFIER = com.skyk2011.auctionFormatTests;
				PRODUCT_NAME = "$(TARGET_NAME)";
				SWIFT_VERSION = 4.0;
				TARGETED_DEVICE_FAMILY = "1,2";
				TEST_HOST = "$(BUILT_PRODUCTS_DIR)/auctionFormat.app/auctionFormat";
			};
			name = Release;
		};
		E97E130D2046647E00AE1BD4 /* Debug */ = {
			isa = XCBuildConfiguration;
			baseConfigurationReference = 1EA81212F46D89E021475794 /* Pods-auctionFormatUITests.debug.xcconfig */;
			buildSettings = {
				ALWAYS_EMBED_SWIFT_STANDARD_LIBRARIES = YES;
				CODE_SIGN_STYLE = Automatic;
				INFOPLIST_FILE = auctionFormatUITests/Info.plist;
				LD_RUNPATH_SEARCH_PATHS = "$(inherited) @executable_path/Frameworks @loader_path/Frameworks";
				PRODUCT_BUNDLE_IDENTIFIER = com.skyk2011.auctionFormatUITests;
				PRODUCT_NAME = "$(TARGET_NAME)";
				SWIFT_VERSION = 4.0;
				TARGETED_DEVICE_FAMILY = "1,2";
				TEST_TARGET_NAME = auctionFormat;
			};
			name = Debug;
		};
		E97E130E2046647E00AE1BD4 /* Release */ = {
			isa = XCBuildConfiguration;
			baseConfigurationReference = BBE330051414B772BA0567D2 /* Pods-auctionFormatUITests.release.xcconfig */;
			buildSettings = {
				ALWAYS_EMBED_SWIFT_STANDARD_LIBRARIES = YES;
				CODE_SIGN_STYLE = Automatic;
				INFOPLIST_FILE = auctionFormatUITests/Info.plist;
				LD_RUNPATH_SEARCH_PATHS = "$(inherited) @executable_path/Frameworks @loader_path/Frameworks";
				PRODUCT_BUNDLE_IDENTIFIER = com.skyk2011.auctionFormatUITests;
				PRODUCT_NAME = "$(TARGET_NAME)";
				SWIFT_VERSION = 4.0;
				TARGETED_DEVICE_FAMILY = "1,2";
				TEST_TARGET_NAME = auctionFormat;
			};
			name = Release;
		};
/* End XCBuildConfiguration section */

/* Begin XCConfigurationList section */
		E97E12D92046647E00AE1BD4 /* Build configuration list for PBXProject "auctionFormat" */ = {
			isa = XCConfigurationList;
			buildConfigurations = (
				E97E13042046647E00AE1BD4 /* Debug */,
				E97E13052046647E00AE1BD4 /* Release */,
			);
			defaultConfigurationIsVisible = 0;
			defaultConfigurationName = Release;
		};
		E97E13062046647E00AE1BD4 /* Build configuration list for PBXNativeTarget "auctionFormat" */ = {
			isa = XCConfigurationList;
			buildConfigurations = (
				E97E13072046647E00AE1BD4 /* Debug */,
				E97E13082046647E00AE1BD4 /* Release */,
			);
			defaultConfigurationIsVisible = 0;
			defaultConfigurationName = Release;
		};
		E97E13092046647E00AE1BD4 /* Build configuration list for PBXNativeTarget "auctionFormatTests" */ = {
			isa = XCConfigurationList;
			buildConfigurations = (
				E97E130A2046647E00AE1BD4 /* Debug */,
				E97E130B2046647E00AE1BD4 /* Release */,
			);
			defaultConfigurationIsVisible = 0;
			defaultConfigurationName = Release;
		};
		E97E130C2046647E00AE1BD4 /* Build configuration list for PBXNativeTarget "auctionFormatUITests" */ = {
			isa = XCConfigurationList;
			buildConfigurations = (
				E97E130D2046647E00AE1BD4 /* Debug */,
				E97E130E2046647E00AE1BD4 /* Release */,
			);
			defaultConfigurationIsVisible = 0;
			defaultConfigurationName = Release;
		};
/* End XCConfigurationList section */
	};
	rootObject = E97E12D62046647E00AE1BD4 /* Project object */;
}
